
Microsoft Visual Studio Solution File, Format Version 11.00
# Visual Studio 2010
Project("{FAE04EC0-301F-11D3-BF4B-00C04F79EFBC}") = "Roller Madness", "Assembly-CSharp.csproj", "{346469CD-8A7E-160E-05ED-9BECBDFC2249}"
EndProject
Project("{FAE04EC0-301F-11D3-BF4B-00C04F79EFBC}") = "Roller Madness", "Assembly-CSharp-firstpass.csproj", "{2CDC8E76-27D9-84FD-B374-3FC4C9BEF543}"
EndProject
Project("{FAE04EC0-301F-11D3-BF4B-00C04F79EFBC}") = "Roller Madness", "Assembly-CSharp-Editor.csproj", "{F954CA16-5A71-A3EC-5EC0-7CB0E58A864D}"
EndProject
Global
	GlobalSection(SolutionConfigurationPlatforms) = preSolution
		Debug|Any CPU = Debug|Any CPU
		Release|Any CPU = Release|Any CPU
	EndGlobalSection
	GlobalSection(ProjectConfigurationPlatforms) = postSolution
		{346469CD-8A7E-160E-05ED-9BECBDFC2249}.Debug|Any CPU.ActiveCfg = Debug|Any CPU
		{346469CD-8A7E-160E-05ED-9BECBDFC2249}.Debug|Any CPU.Build.0 = Debug|Any CPU
		{346469CD-8A7E-160E-05ED-9BECBDFC2249}.Release|Any CPU.ActiveCfg = Release|Any CPU
		{346469CD-8A7E-160E-05ED-9BECBDFC2249}.Release|Any CPU.Build.0 = Release|Any CPU
		{2CDC8E76-27D9-84FD-B374-3FC4C9BEF543}.Debug|Any CPU.ActiveCfg = Debug|Any CPU
		{2CDC8E76-27D9-84FD-B374-3FC4C9BEF543}.Debug|Any CPU.Build.0 = Debug|Any CPU
		{2CDC8E76-27D9-84FD-B374-3FC4C9BEF543}.Release|Any CPU.ActiveCfg = Release|Any CPU
		{2CDC8E76-27D9-84FD-B374-3FC4C9BEF543}.Release|Any CPU.Build.0 = Release|Any CPU
		{F954CA16-5A71-A3EC-5EC0-7CB0E58A864D}.Debug|Any CPU.ActiveCfg = Debug|Any CPU
		{F954CA16-5A71-A3EC-5EC0-7CB0E58A864D}.Debug|Any CPU.Build.0 = Debug|Any CPU
		{F954CA16-5A71-A3EC-5EC0-7CB0E58A864D}.Release|Any CPU.ActiveCfg = Release|Any CPU
		{F954CA16-5A71-A3EC-5EC0-7CB0E58A864D}.Release|Any CPU.Build.0 = Release|Any CPU
	EndGlobalSection
	GlobalSection(SolutionProperties) = preSolution
		HideSolutionNode = FALSE
	EndGlobalSection
	GlobalSection(MonoDevelopProperties) = preSolution
		StartupItem = Assembly-CSharp.csproj
	EndGlobalSection
EndGlobal
